
Microsoft Visual Studio Solution File, Format Version 12.00
# Visual Studio Version 17
VisualStudioVersion = 17.8.34511.84
MinimumVisualStudioVersion = 10.0.40219.1
Project("{FAE04EC0-301F-11D3-BF4B-00C04F79EFBC}") = "Home work 3", "Home work 3\Home work 3.csproj", "{55E0EB0B-EA24-4BBC-A394-FD8CEB43B18E}"
EndProject
Global
	GlobalSection(SolutionConfigurationPlatforms) = preSolution
		Debug|Any CPU = Debug|Any CPU
		Release|Any CPU = Release|Any CPU
	EndGlobalSection
	GlobalSection(ProjectConfigurationPlatforms) = postSolution
		{55E0EB0B-EA24-4BBC-A394-FD8CEB43B18E}.Debug|Any CPU.ActiveCfg = Debug|Any CPU
		{55E0EB0B-EA24-4BBC-A394-FD8CEB43B18E}.Debug|Any CPU.Build.0 = Debug|Any CPU
		{55E0EB0B-EA24-4BBC-A394-FD8CEB43B18E}.Release|Any CPU.ActiveCfg = Release|Any CPU
		{55E0EB0B-EA24-4BBC-A394-FD8CEB43B18E}.Release|Any CPU.Build.0 = Release|Any CPU
	EndGlobalSection
	GlobalSection(SolutionProperties) = preSolution
		HideSolutionNode = FALSE
	EndGlobalSection
	GlobalSection(ExtensibilityGlobals) = postSolution
		SolutionGuid = {9CF9220F-0531-414D-8FDF-E4626B4E5BAE}
	EndGlobalSection
EndGlobal
